// !$*UTF8*$!
{
	archiveVersion = 1;
	classes = {
	};
	objectVersion = 50;
	objects = {

/* Begin PBXBuildFile section */
		E144482F216BA8940054610C /* RoundedImageView.swift in Sources */ = {isa = PBXBuildFile; fileRef = E144482E216BA8940054610C /* RoundedImageView.swift */; };
		E1A82135216B94440087E04E /* AppDelegate.swift in Sources */ = {isa = PBXBuildFile; fileRef = E1A82134216B94440087E04E /* AppDelegate.swift */; };
		E1A82137216B94440087E04E /* MainListVC.swift in Sources */ = {isa = PBXBuildFile; fileRef = E1A82136216B94440087E04E /* MainListVC.swift */; };
		E1A8213A216B94440087E04E /* Main.storyboard in Resources */ = {isa = PBXBuildFile; fileRef = E1A82138216B94440087E04E /* Main.storyboard */; };
		E1A8213C216B94450087E04E /* Assets.xcassets in Resources */ = {isa = PBXBuildFile; fileRef = E1A8213B216B94450087E04E /* Assets.xcassets */; };
		E1A8213F216B94450087E04E /* LaunchScreen.storyboard in Resources */ = {isa = PBXBuildFile; fileRef = E1A8213D216B94450087E04E /* LaunchScreen.storyboard */; };
		E1A82149216B9E410087E04E /* DetailListVC.swift in Sources */ = {isa = PBXBuildFile; fileRef = E1A82148216B9E410087E04E /* DetailListVC.swift */; };
		E1AE8911216CBD34008E3D18 /* ItemViewCell.swift in Sources */ = {isa = PBXBuildFile; fileRef = E1AE8910216CBD34008E3D18 /* ItemViewCell.swift */; };
		E1BF7F20216E30B600498A87 /* Shadow+RoundedCorners Extension.swift in Sources */ = {isa = PBXBuildFile; fileRef = E1BF7F1F216E30B600498A87 /* Shadow+RoundedCorners Extension.swift */; };
		E1BF7F23216E4C7A00498A87 /* data.plist in Resources */ = {isa = PBXBuildFile; fileRef = E1BF7F22216E4C7A00498A87 /* data.plist */; };
		E1E12E37216CE39300D85B72 /* CarModelDescription.swift in Sources */ = {isa = PBXBuildFile; fileRef = E1E12E36216CE39300D85B72 /* CarModelDescription.swift */; };
/* End PBXBuildFile section */

/* Begin PBXFileReference section */
		E144482E216BA8940054610C /* RoundedImageView.swift */ = {isa = PBXFileReference; lastKnownFileType = sourcecode.swift; path = RoundedImageView.swift; sourceTree = "<group>"; };
		E1A82131216B94440087E04E /* FancyCars.app */ = {isa = PBXFileReference; explicitFileType = wrapper.application; includeInIndex = 0; path = FancyCars.app; sourceTree = BUILT_PRODUCTS_DIR; };
		E1A82134216B94440087E04E /* AppDelegate.swift */ = {isa = PBXFileReference; lastKnownFileType = sourcecode.swift; path = AppDelegate.swift; sourceTree = "<group>"; };
		E1A82136216B94440087E04E /* MainListVC.swift */ = {isa = PBXFileReference; lastKnownFileType = sourcecode.swift; path = MainListVC.swift; sourceTree = "<group>"; };
		E1A82139216B94440087E04E /* Base */ = {isa = PBXFileReference; lastKnownFileType = file.storyboard; name = Base; path = Base.lproj/Main.storyboard; sourceTree = "<group>"; };
		E1A8213B216B94450087E04E /* Assets.xcassets */ = {isa = PBXFileReference; lastKnownFileType = folder.assetcatalog; path = Assets.xcassets; sourceTree = "<group>"; };
		E1A8213E216B94450087E04E /* Base */ = {isa = PBXFileReference; lastKnownFileType = file.storyboard; name = Base; path = Base.lproj/LaunchScreen.storyboard; sourceTree = "<group>"; };
		E1A82140216B94450087E04E /* Info.plist */ = {isa = PBXFileReference; lastKnownFileType = text.plist.xml; path = Info.plist; sourceTree = "<group>"; };
		E1A82148216B9E410087E04E /* DetailListVC.swift */ = {isa = PBXFileReference; lastKnownFileType = sourcecode.swift; path = DetailListVC.swift; sourceTree = "<group>"; };
		E1AE8910216CBD34008E3D18 /* ItemViewCell.swift */ = {isa = PBXFileReference; lastKnownFileType = sourcecode.swift; path = ItemViewCell.swift; sourceTree = "<group>"; };
		E1BF7F1F216E30B600498A87 /* Shadow+RoundedCorners Extension.swift */ = {isa = PBXFileReference; lastKnownFileType = sourcecode.swift; path = "Shadow+RoundedCorners Extension.swift"; sourceTree = "<group>"; };
		E1BF7F22216E4C7A00498A87 /* data.plist */ = {isa = PBXFileReference; lastKnownFileType = text.plist.xml; path = data.plist; sourceTree = "<group>"; };
		E1E12E36216CE39300D85B72 /* CarModelDescription.swift */ = {isa = PBXFileReference; lastKnownFileType = sourcecode.swift; path = CarModelDescription.swift; sourceTree = "<group>"; };
/* End PBXFileReference section */

/* Begin PBXFrameworksBuildPhase section */
		E1A8212E216B94440087E04E /* Frameworks */ = {
			isa = PBXFrameworksBuildPhase;
			buildActionMask = 2147483647;
			files = (
			);
			runOnlyForDeploymentPostprocessing = 0;
		};
/* End PBXFrameworksBuildPhase section */

/* Begin PBXGroup section */
		E1444830216BA89F0054610C /* Views */ = {
			isa = PBXGroup;
			children = (
				E144482E216BA8940054610C /* RoundedImageView.swift */,
				E1BF7F21216E30E300498A87 /* UI Extension */,
			);
			name = Views;
			path = "New Group";
			sourceTree = "<group>";
		};
		E1A82128216B94440087E04E = {
			isa = PBXGroup;
			children = (
				E1A82133216B94440087E04E /* FancyCars */,
				E1A82132216B94440087E04E /* Products */,
			);
			sourceTree = "<group>";
		};
		E1A82132216B94440087E04E /* Products */ = {
			isa = PBXGroup;
			children = (
				E1A82131216B94440087E04E /* FancyCars.app */,
			);
			name = Products;
			sourceTree = "<group>";
		};
		E1A82133216B94440087E04E /* FancyCars */ = {
			isa = PBXGroup;
			children = (
				E1444830216BA89F0054610C /* Views */,
				E1A8214A216BA4D60087E04E /* Controllers */,
				E1A82138216B94440087E04E /* Main.storyboard */,
				E1A8213B216B94450087E04E /* Assets.xcassets */,
				E1A8213D216B94450087E04E /* LaunchScreen.storyboard */,
				E1A8214B216BA4ED0087E04E /* Supporting Files */,
				E1E12E38216CE43F00D85B72 /* Model */,
			);
			path = FancyCars;
			sourceTree = "<group>";
		};
		E1A8214A216BA4D60087E04E /* Controllers */ = {
			isa = PBXGroup;
			children = (
				E1A82136216B94440087E04E /* MainListVC.swift */,
				E1A82148216B9E410087E04E /* DetailListVC.swift */,
				E1AE8910216CBD34008E3D18 /* ItemViewCell.swift */,
			);
			path = Controllers;
			sourceTree = "<group>";
		};
		E1A8214B216BA4ED0087E04E /* Supporting Files */ = {
			isa = PBXGroup;
			children = (
				E1A82134216B94440087E04E /* AppDelegate.swift */,
				E1BF7F22216E4C7A00498A87 /* data.plist */,
				E1A82140216B94450087E04E /* Info.plist */,
			);
			path = "Supporting Files";
			sourceTree = "<group>";
		};
		E1BF7F21216E30E300498A87 /* UI Extension */ = {
			isa = PBXGroup;
			children = (
				E1BF7F1F216E30B600498A87 /* Shadow+RoundedCorners Extension.swift */,
			);
			path = "UI Extension";
			sourceTree = "<group>";
		};
		E1E12E38216CE43F00D85B72 /* Model */ = {
			isa = PBXGroup;
			children = (
				E1E12E36216CE39300D85B72 /* CarModelDescription.swift */,
			);
			path = Model;
			sourceTree = "<group>";
		};
/* End PBXGroup section */

/* Begin PBXNativeTarget section */
		E1A82130216B94440087E04E /* FancyCars */ = {
			isa = PBXNativeTarget;
			buildConfigurationList = E1A82143216B94450087E04E /* Build configuration list for PBXNativeTarget "FancyCars" */;
			buildPhases = (
				E1A8212D216B94440087E04E /* Sources */,
				E1A8212E216B94440087E04E /* Frameworks */,
				E1A8212F216B94440087E04E /* Resources */,
			);
			buildRules = (
			);
			dependencies = (
			);
			name = FancyCars;
			productName = FancyCars;
			productReference = E1A82131216B94440087E04E /* FancyCars.app */;
			productType = "com.apple.product-type.application";
		};
/* End PBXNativeTarget section */

/* Begin PBXProject section */
		E1A82129216B94440087E04E /* Project object */ = {
			isa = PBXProject;
			attributes = {
				LastSwiftUpdateCheck = 1000;
				LastUpgradeCheck = 1000;
				ORGANIZATIONNAME = "Vitaliy Maksymlyuk";
				TargetAttributes = {
					E1A82130216B94440087E04E = {
						CreatedOnToolsVersion = 10.0;
					};
				};
			};
			buildConfigurationList = E1A8212C216B94440087E04E /* Build configuration list for PBXProject "FancyCars" */;
			compatibilityVersion = "Xcode 9.3";
			developmentRegion = en;
			hasScannedForEncodings = 0;
			knownRegions = (
				en,
				Base,
			);
			mainGroup = E1A82128216B94440087E04E;
			productRefGroup = E1A82132216B94440087E04E /* Products */;
			projectDirPath = "";
			projectRoot = "";
			targets = (
				E1A82130216B94440087E04E /* FancyCars */,
			);
		};
/* End PBXProject section */

/* Begin PBXResourcesBuildPhase section */
		E1A8212F216B94440087E04E /* Resources */ = {
			isa = PBXResourcesBuildPhase;
			buildActionMask = 2147483647;
			files = (
				E1A8213F216B94450087E04E /* LaunchScreen.storyboard in Resources */,
				E1A8213C216B94450087E04E /* Assets.xcassets in Resources */,
				E1BF7F23216E4C7A00498A87 /* data.plist in Resources */,
				E1A8213A216B94440087E04E /* Main.storyboard in Resources */,
			);
			runOnlyForDeploymentPostprocessing = 0;
		};
/* End PBXResourcesBuildPhase section */

/* Begin PBXSourcesBuildPhase section */
		E1A8212D216B94440087E04E /* Sources */ = {
			isa = PBXSourcesBuildPhase;
			buildActionMask = 2147483647;
			files = (
				E1AE8911216CBD34008E3D18 /* ItemViewCell.swift in Sources */,
				E1BF7F20216E30B600498A87 /* Shadow+RoundedCorners Extension.swift in Sources */,
				E144482F216BA8940054610C /* RoundedImageView.swift in Sources */,
				E1E12E37216CE39300D85B72 /* CarModelDescription.swift in Sources */,
				E1A82137216B94440087E04E /* MainListVC.swift in Sources */,
				E1A82135216B94440087E04E /* AppDelegate.swift in Sources */,
				E1A82149216B9E410087E04E /* DetailListVC.swift in Sources */,
			);
			runOnlyForDeploymentPostprocessing = 0;
		};
/* End PBXSourcesBuildPhase section */

/* Begin PBXVariantGroup section */
		E1A82138216B94440087E04E /* Main.storyboard */ = {
			isa = PBXVariantGroup;
			children = (
				E1A82139216B94440087E04E /* Base */,
			);
			name = Main.storyboard;
			sourceTree = "<group>";
		};
		E1A8213D216B94450087E04E /* LaunchScreen.storyboard */ = {
			isa = PBXVariantGroup;
			children = (
				E1A8213E216B94450087E04E /* Base */,
			);
			name = LaunchScreen.storyboard;
			sourceTree = "<group>";
		};
/* End PBXVariantGroup section */

/* Begin XCBuildConfiguration section */
		E1A82141216B94450087E04E /* Debug */ = {
			isa = XCBuildConfiguration;
			buildSettings = {
				ALWAYS_SEARCH_USER_PATHS = NO;
				CLANG_ANALYZER_NONNULL = YES;
				CLANG_ANALYZER_NUMBER_OBJECT_CONVERSION = YES_AGGRESSIVE;
				CLANG_CXX_LANGUAGE_STANDARD = "gnu++14";
				CLANG_CXX_LIBRARY = "libc++";
				CLANG_ENABLE_MODULES = YES;
				CLANG_ENABLE_OBJC_ARC = YES;
				CLANG_ENABLE_OBJC_WEAK = YES;
				CLANG_WARN_BLOCK_CAPTURE_AUTORELEASING = YES;
				CLANG_WARN_BOOL_CONVERSION = YES;
				CLANG_WARN_COMMA = YES;
				CLANG_WARN_CONSTANT_CONVERSION = YES;
				CLANG_WARN_DEPRECATED_OBJC_IMPLEMENTATIONS = YES;
				CLANG_WARN_DIRECT_OBJC_ISA_USAGE = YES_ERROR;
				CLANG_WARN_DOCUMENTATION_COMMENTS = YES;
				CLANG_WARN_EMPTY_BODY = YES;
				CLANG_WARN_ENUM_CONVERSION = YES;
				CLANG_WARN_INFINITE_RECURSION = YES;
				CLANG_WARN_INT_CONVERSION = YES;
				CLANG_WARN_NON_LITERAL_NULL_CONVERSION = YES;
				CLANG_WARN_OBJC_IMPLICIT_RETAIN_SELF = YES;
				CLANG_WARN_OBJC_LITERAL_CONVERSION = YES;
				CLANG_WARN_OBJC_ROOT_CLASS = YES_ERROR;
				CLANG_WARN_RANGE_LOOP_ANALYSIS = YES;
				CLANG_WARN_STRICT_PROTOTYPES = YES;
				CLANG_WARN_SUSPICIOUS_MOVE = YES;
				CLANG_WARN_UNGUARDED_AVAILABILITY = YES_AGGRESSIVE;
				CLANG_WARN_UNREACHABLE_CODE = YES;
				CLANG_WARN__DUPLICATE_METHOD_MATCH = YES;
				CODE_SIGN_IDENTITY = "iPhone Developer";
				COPY_PHASE_STRIP = NO;
				DEBUG_INFORMATION_FORMAT = dwarf;
				ENABLE_STRICT_OBJC_MSGSEND = YES;
				ENABLE_TESTABILITY = YES;
				GCC_C_LANGUAGE_STANDARD = gnu11;
				GCC_DYNAMIC_NO_PIC = NO;
				GCC_NO_COMMON_BLOCKS = YES;
				GCC_OPTIMIZATION_LEVEL = 0;
				GCC_PREPROCESSOR_DEFINITIONS = (
					"DEBUG=1",
					"$(inherited)",
				);
				GCC_WARN_64_TO_32_BIT_CONVERSION = YES;
				GCC_WARN_ABOUT_RETURN_TYPE = YES_ERROR;
				GCC_WARN_UNDECLARED_SELECTOR = YES;
				GCC_WARN_UNINITIALIZED_AUTOS = YES_AGGRESSIVE;
				GCC_WARN_UNUSED_FUNCTION = YES;
				GCC_WARN_UNUSED_VARIABLE = YES;
				IPHONEOS_DEPLOYMENT_TARGET = 12.0;
				MTL_ENABLE_DEBUG_INFO = INCLUDE_SOURCE;
				MTL_FAST_MATH = YES;
				ONLY_ACTIVE_ARCH = YES;
				SDKROOT = iphoneos;
				SWIFT_ACTIVE_COMPILATION_CONDITIONS = DEBUG;
				SWIFT_OPTIMIZATION_LEVEL = "-Onone";
			};
			name = Debug;
		};
		E1A82142216B94450087E04E /* Release */ = {
			isa = XCBuildConfiguration;
			buildSettings = {
				ALWAYS_SEARCH_USER_PATHS = NO;
				CLANG_ANALYZER_NONNULL = YES;
				CLANG_ANALYZER_NUMBER_OBJECT_CONVERSION = YES_AGGRESSIVE;
				CLANG_CXX_LANGUAGE_STANDARD = "gnu++14";
				CLANG_CXX_LIBRARY = "libc++";
				CLANG_ENABLE_MODULES = YES;
				CLANG_ENABLE_OBJC_ARC = YES;
				CLANG_ENABLE_OBJC_WEAK = YES;
				CLANG_WARN_BLOCK_CAPTURE_AUTORELEASING = YES;
				CLANG_WARN_BOOL_CONVERSION = YES;
				CLANG_WARN_COMMA = YES;
				CLANG_WARN_CONSTANT_CONVERSION = YES;
				CLANG_WARN_DEPRECATED_OBJC_IMPLEMENTATIONS = YES;
				CLANG_WARN_DIRECT_OBJC_ISA_USAGE = YES_ERROR;
				CLANG_WARN_DOCUMENTATION_COMMENTS = YES;
				CLANG_WARN_EMPTY_BODY = YES;
				CLANG_WARN_ENUM_CONVERSION = YES;
				CLANG_WARN_INFINITE_RECURSION = YES;
				CLANG_WARN_INT_CONVERSION = YES;
				CLANG_WARN_NON_LITERAL_NULL_CONVERSION = YES;
				CLANG_WARN_OBJC_IMPLICIT_RETAIN_SELF = YES;
				CLANG_WARN_OBJC_LITERAL_CONVERSION = YES;
				CLANG_WARN_OBJC_ROOT_CLASS = YES_ERROR;
				CLANG_WARN_RANGE_LOOP_ANALYSIS = YES;
				CLANG_WARN_STRICT_PROTOTYPES = YES;
				CLANG_WARN_SUSPICIOUS_MOVE = YES;
				CLANG_WARN_UNGUARDED_AVAILABILITY = YES_AGGRESSIVE;
				CLANG_WARN_UNREACHABLE_CODE = YES;
				CLANG_WARN__DUPLICATE_METHOD_MATCH = YES;
				CODE_SIGN_IDENTITY = "iPhone Developer";
				COPY_PHASE_STRIP = NO;
				DEBUG_INFORMATION_FORMAT = "dwarf-with-dsym";
				ENABLE_NS_ASSERTIONS = NO;
				ENABLE_STRICT_OBJC_MSGSEND = YES;
				GCC_C_LANGUAGE_STANDARD = gnu11;
				GCC_NO_COMMON_BLOCKS = YES;
				GCC_WARN_64_TO_32_BIT_CONVERSION = YES;
				GCC_WARN_ABOUT_RETURN_TYPE = YES_ERROR;
				GCC_WARN_UNDECLARED_SELECTOR = YES;
				GCC_WARN_UNINITIALIZED_AUTOS = YES_AGGRESSIVE;
				GCC_WARN_UNUSED_FUNCTION = YES;
				GCC_WARN_UNUSED_VARIABLE = YES;
				IPHONEOS_DEPLOYMENT_TARGET = 12.0;
				MTL_ENABLE_DEBUG_INFO = NO;
				MTL_FAST_MATH = YES;
				SDKROOT = iphoneos;
				SWIFT_COMPILATION_MODE = wholemodule;
				SWIFT_OPTIMIZATION_LEVEL = "-O";
				VALIDATE_PRODUCT = YES;
			};
			name = Release;
		};
		E1A82144216B94450087E04E /* Debug */ = {
			isa = XCBuildConfiguration;
			buildSettings = {
				ASSETCATALOG_COMPILER_APPICON_NAME = AppIcon;
				CODE_SIGN_STYLE = Automatic;
				DEVELOPMENT_TEAM = MH99TMMZ5H;
				INFOPLIST_FILE = "$(SRCROOT)/FancyCars/Supporting Files/Info.plist";
				LD_RUNPATH_SEARCH_PATHS = (
					"$(inherited)",
					"@executable_path/Frameworks",
				);
				PRODUCT_BUNDLE_IDENTIFIER = com.devcreatios.FancyCars;
				PRODUCT_NAME = "$(TARGET_NAME)";
				SWIFT_VERSION = 4.2;
				TARGETED_DEVICE_FAMILY = "1,2";
			};
			name = Debug;
		};
		E1A82145216B94450087E04E /* Release */ = {
			isa = XCBuildConfiguration;
			buildSettings = {
				ASSETCATALOG_COMPILER_APPICON_NAME = AppIcon;
				CODE_SIGN_STYLE = Automatic;
				DEVELOPMENT_TEAM = MH99TMMZ5H;
				INFOPLIST_FILE = "$(SRCROOT)/FancyCars/Supporting Files/Info.plist";
				LD_RUNPATH_SEARCH_PATHS = (
					"$(inherited)",
					"@executable_path/Frameworks",
				);
				PRODUCT_BUNDLE_IDENTIFIER = com.devcreatios.FancyCars;
				PRODUCT_NAME = "$(TARGET_NAME)";
				SWIFT_VERSION = 4.2;
				TARGETED_DEVICE_FAMILY = "1,2";
			};
			name = Release;
		};
/* End XCBuildConfiguration section */

/* Begin XCConfigurationList section */
		E1A8212C216B94440087E04E /* Build configuration list for PBXProject "FancyCars" */ = {
			isa = XCConfigurationList;
			buildConfigurations = (
				E1A82141216B94450087E04E /* Debug */,
				E1A82142216B94450087E04E /* Release */,
			);
			defaultConfigurationIsVisible = 0;
			defaultConfigurationName = Release;
		};
		E1A82143216B94450087E04E /* Build configuration list for PBXNativeTarget "FancyCars" */ = {
			isa = XCConfigurationList;
			buildConfigurations = (
				E1A82144216B94450087E04E /* Debug */,
				E1A82145216B94450087E04E /* Release */,
			);
			defaultConfigurationIsVisible = 0;
			defaultConfigurationName = Release;
		};
/* End XCConfigurationList section */
	};
	rootObject = E1A82129216B94440087E04E /* Project object */;
}
